
Microsoft Visual Studio Solution File, Format Version 12.00
# Visual Studio Version 16
VisualStudioVersion = 16.0.31624.102
MinimumVisualStudioVersion = 10.0.40219.1
Project("{FAE04EC0-301F-11D3-BF4B-00C04F79EFBC}") = "kapitel.3", "kapitel.3\kapitel.3.csproj", "{77A12CF5-19A7-4224-B343-0A059DC1160E}"
EndProject
Global
	GlobalSection(SolutionConfigurationPlatforms) = preSolution
		Debug|Any CPU = Debug|Any CPU
		Release|Any CPU = Release|Any CPU
	EndGlobalSection
	GlobalSection(ProjectConfigurationPlatforms) = postSolution
		{77A12CF5-19A7-4224-B343-0A059DC1160E}.Debug|Any CPU.ActiveCfg = Debug|Any CPU
		{77A12CF5-19A7-4224-B343-0A059DC1160E}.Debug|Any CPU.Build.0 = Debug|Any CPU
		{77A12CF5-19A7-4224-B343-0A059DC1160E}.Release|Any CPU.ActiveCfg = Release|Any CPU
		{77A12CF5-19A7-4224-B343-0A059DC1160E}.Release|Any CPU.Build.0 = Release|Any CPU
	EndGlobalSection
	GlobalSection(SolutionProperties) = preSolution
		HideSolutionNode = FALSE
	EndGlobalSection
	GlobalSection(ExtensibilityGlobals) = postSolution
		SolutionGuid = {6E8C5F21-BBA0-407E-929D-6626FF774462}
	EndGlobalSection
EndGlobal
